Microsoft Visual Studio Solution File, Format Version 12.00
# Visual Studio Version 17
VisualStudioVersion = 17.5.2.0
MinimumVisualStudioVersion = 10.0.40219.1
Project("{FAE04EC0-301F-11D3-BF4B-00C04F79EFBC}") = "PasswordManager", "PasswordManager.csproj", "{4C1D1373-F6B0-8B25-0547-412211614160}"
EndProject
Global
	GlobalSection(SolutionConfigurationPlatforms) = preSolution
		Debug|Any CPU = Debug|Any CPU
		Release|Any CPU = Release|Any CPU
	EndGlobalSection
	GlobalSection(ProjectConfigurationPlatforms) = postSolution
		{4C1D1373-F6B0-8B25-0547-412211614160}.Debug|Any CPU.ActiveCfg = Debug|Any CPU
		{4C1D1373-F6B0-8B25-0547-412211614160}.Debug|Any CPU.Build.0 = Debug|Any CPU
		{4C1D1373-F6B0-8B25-0547-412211614160}.Release|Any CPU.ActiveCfg = Release|Any CPU
		{4C1D1373-F6B0-8B25-0547-412211614160}.Release|Any CPU.Build.0 = Release|Any CPU
	EndGlobalSection
	GlobalSection(SolutionProperties) = preSolution
		HideSolutionNode = FALSE
	EndGlobalSection
	GlobalSection(ExtensibilityGlobals) = postSolution
		SolutionGuid = {00D04B3B-C606-4075-8C27-CC8FDF0AE7A4}
	EndGlobalSection
EndGlobal
